// !$*UTF8*$!
{
	archiveVersion = 1;
	classes = {
	};
	objectVersion = 46;
	objects = {

/* Begin PBXBuildFile section */
		AB086DEF1ECD16E1005A508F /* WarblerViewController.swift in Sources */ = {isa = PBXBuildFile; fileRef = AB086DEE1ECD16E1005A508F /* WarblerViewController.swift */; };
		AB086DF11ECD1CAD005A508F /* SongListViewControllerTestCase.swift in Sources */ = {isa = PBXBuildFile; fileRef = AB086DF01ECD1CAD005A508F /* SongListViewControllerTestCase.swift */; };
		AB086DF71ECD21F0005A508F /* DataDownloader.swift in Sources */ = {isa = PBXBuildFile; fileRef = AB086DF61ECD21F0005A508F /* DataDownloader.swift */; };
		AB086DF91ECD23E0005A508F /* SongBySearchTermOperationTestCase.swift in Sources */ = {isa = PBXBuildFile; fileRef = AB086DF81ECD23E0005A508F /* SongBySearchTermOperationTestCase.swift */; };
		AB086DFB1ECDDD5F005A508F /* ProductionITunesDataSourceTestCase.swift in Sources */ = {isa = PBXBuildFile; fileRef = AB086DFA1ECDDD5F005A508F /* ProductionITunesDataSourceTestCase.swift */; };
		AB5DB68A1EC13CD400DCB44E /* AppDelegate.swift in Sources */ = {isa = PBXBuildFile; fileRef = AB5DB6891EC13CD400DCB44E /* AppDelegate.swift */; };
		AB5DB68C1EC13CD400DCB44E /* SongListViewController.swift in Sources */ = {isa = PBXBuildFile; fileRef = AB5DB68B1EC13CD400DCB44E /* SongListViewController.swift */; };
		AB5DB68F1EC13CD400DCB44E /* Main.storyboard in Resources */ = {isa = PBXBuildFile; fileRef = AB5DB68D1EC13CD400DCB44E /* Main.storyboard */; };
		AB5DB6941EC13CD400DCB44E /* Assets.xcassets in Resources */ = {isa = PBXBuildFile; fileRef = AB5DB6931EC13CD400DCB44E /* Assets.xcassets */; };
		AB5DB6971EC13CD400DCB44E /* LaunchScreen.storyboard in Resources */ = {isa = PBXBuildFile; fileRef = AB5DB6951EC13CD400DCB44E /* LaunchScreen.storyboard */; };
		AB5DB6BB1EC13DC100DCB44E /* URLSearchTestCase.swift in Sources */ = {isa = PBXBuildFile; fileRef = AB5DB6BA1EC13DC100DCB44E /* URLSearchTestCase.swift */; };
		AB5DB6BD1EC13E2900DCB44E /* URL+Search.swift in Sources */ = {isa = PBXBuildFile; fileRef = AB5DB6BC1EC13E2900DCB44E /* URL+Search.swift */; };
		AB5DB6BF1EC1538E00DCB44E /* SongParsingOperationTestCase.swift in Sources */ = {isa = PBXBuildFile; fileRef = AB5DB6BE1EC1538E00DCB44E /* SongParsingOperationTestCase.swift */; };
		AB5DB6C11EC155B100DCB44E /* SongParsingOperation.swift in Sources */ = {isa = PBXBuildFile; fileRef = AB5DB6C01EC155B100DCB44E /* SongParsingOperation.swift */; };
		AB5DB6C31EC2A90400DCB44E /* JsonParsingOperation.swift in Sources */ = {isa = PBXBuildFile; fileRef = AB5DB6C21EC2A90400DCB44E /* JsonParsingOperation.swift */; };
		AB5DB6C51EC3EE2700DCB44E /* JsonParsingOperationTestCase.swift in Sources */ = {isa = PBXBuildFile; fileRef = AB5DB6C41EC3EE2700DCB44E /* JsonParsingOperationTestCase.swift */; };
		AB5DB6C71EC3F66E00DCB44E /* SongBySearchTermOperation.swift in Sources */ = {isa = PBXBuildFile; fileRef = AB5DB6C61EC3F66E00DCB44E /* SongBySearchTermOperation.swift */; };
		AB5DB6CA1EC793BC00DCB44E /* ITunesDataSource.swift in Sources */ = {isa = PBXBuildFile; fileRef = AB5DB6C91EC793BC00DCB44E /* ITunesDataSource.swift */; };
/* End PBXBuildFile section */

/* Begin PBXContainerItemProxy section */
		AB5DB69E1EC13CD400DCB44E /* PBXContainerItemProxy */ = {
			isa = PBXContainerItemProxy;
			containerPortal = AB5DB67E1EC13CD400DCB44E /* Project object */;
			proxyType = 1;
			remoteGlobalIDString = AB5DB6851EC13CD400DCB44E;
			remoteInfo = Warbler;
		};
/* End PBXContainerItemProxy section */

/* Begin PBXFileReference section */
		AB086DEE1ECD16E1005A508F /* WarblerViewController.swift */ = {isa = PBXFileReference; fileEncoding = 4; lastKnownFileType = sourcecode.swift; path = WarblerViewController.swift; sourceTree = "<group>"; };
		AB086DF01ECD1CAD005A508F /* SongListViewControllerTestCase.swift */ = {isa = PBXFileReference; fileEncoding = 4; lastKnownFileType = sourcecode.swift; path = SongListViewControllerTestCase.swift; sourceTree = "<group>"; };
		AB086DF61ECD21F0005A508F /* DataDownloader.swift */ = {isa = PBXFileReference; fileEncoding = 4; lastKnownFileType = sourcecode.swift; path = DataDownloader.swift; sourceTree = "<group>"; };
		AB086DF81ECD23E0005A508F /* SongBySearchTermOperationTestCase.swift */ = {isa = PBXFileReference; fileEncoding = 4; lastKnownFileType = sourcecode.swift; path = SongBySearchTermOperationTestCase.swift; sourceTree = "<group>"; };
		AB086DFA1ECDDD5F005A508F /* ProductionITunesDataSourceTestCase.swift */ = {isa = PBXFileReference; fileEncoding = 4; lastKnownFileType = sourcecode.swift; path = ProductionITunesDataSourceTestCase.swift; sourceTree = "<group>"; };
		AB5DB6861EC13CD400DCB44E /* Warbler.app */ = {isa = PBXFileReference; explicitFileType = wrapper.application; includeInIndex = 0; path = Warbler.app; sourceTree = BUILT_PRODUCTS_DIR; };
		AB5DB6891EC13CD400DCB44E /* AppDelegate.swift */ = {isa = PBXFileReference; lastKnownFileType = sourcecode.swift; path = AppDelegate.swift; sourceTree = "<group>"; };
		AB5DB68B1EC13CD400DCB44E /* SongListViewController.swift */ = {isa = PBXFileReference; lastKnownFileType = sourcecode.swift; path = SongListViewController.swift; sourceTree = "<group>"; };
		AB5DB68E1EC13CD400DCB44E /* Base */ = {isa = PBXFileReference; lastKnownFileType = file.storyboard; name = Base; path = Base.lproj/Main.storyboard; sourceTree = "<group>"; };
		AB5DB6931EC13CD400DCB44E /* Assets.xcassets */ = {isa = PBXFileReference; lastKnownFileType = folder.assetcatalog; path = Assets.xcassets; sourceTree = "<group>"; };
		AB5DB6961EC13CD400DCB44E /* Base */ = {isa = PBXFileReference; lastKnownFileType = file.storyboard; name = Base; path = Base.lproj/LaunchScreen.storyboard; sourceTree = "<group>"; };
		AB5DB6981EC13CD400DCB44E /* Info.plist */ = {isa = PBXFileReference; lastKnownFileType = text.plist.xml; path = Info.plist; sourceTree = "<group>"; };
		AB5DB69D1EC13CD400DCB44E /* WarblerTests.xctest */ = {isa = PBXFileReference; explicitFileType = wrapper.cfbundle; includeInIndex = 0; path = WarblerTests.xctest; sourceTree = BUILT_PRODUCTS_DIR; };
		AB5DB6A31EC13CD400DCB44E /* Info.plist */ = {isa = PBXFileReference; lastKnownFileType = text.plist.xml; path = Info.plist; sourceTree = "<group>"; };
		AB5DB6BA1EC13DC100DCB44E /* URLSearchTestCase.swift */ = {isa = PBXFileReference; fileEncoding = 4; lastKnownFileType = sourcecode.swift; path = URLSearchTestCase.swift; sourceTree = "<group>"; };
		AB5DB6BC1EC13E2900DCB44E /* URL+Search.swift */ = {isa = PBXFileReference; fileEncoding = 4; lastKnownFileType = sourcecode.swift; path = "URL+Search.swift"; sourceTree = "<group>"; };
		AB5DB6BE1EC1538E00DCB44E /* SongParsingOperationTestCase.swift */ = {isa = PBXFileReference; fileEncoding = 4; lastKnownFileType = sourcecode.swift; path = SongParsingOperationTestCase.swift; sourceTree = "<group>"; };
		AB5DB6C01EC155B100DCB44E /* SongParsingOperation.swift */ = {isa = PBXFileReference; fileEncoding = 4; lastKnownFileType = sourcecode.swift; path = SongParsingOperation.swift; sourceTree = "<group>"; };
		AB5DB6C21EC2A90400DCB44E /* JsonParsingOperation.swift */ = {isa = PBXFileReference; fileEncoding = 4; lastKnownFileType = sourcecode.swift; path = JsonParsingOperation.swift; sourceTree = "<group>"; };
		AB5DB6C41EC3EE2700DCB44E /* JsonParsingOperationTestCase.swift */ = {isa = PBXFileReference; fileEncoding = 4; lastKnownFileType = sourcecode.swift; path = JsonParsingOperationTestCase.swift; sourceTree = "<group>"; };
		AB5DB6C61EC3F66E00DCB44E /* SongBySearchTermOperation.swift */ = {isa = PBXFileReference; fileEncoding = 4; lastKnownFileType = sourcecode.swift; path = SongBySearchTermOperation.swift; sourceTree = "<group>"; };
		AB5DB6C91EC793BC00DCB44E /* ITunesDataSource.swift */ = {isa = PBXFileReference; fileEncoding = 4; lastKnownFileType = sourcecode.swift; path = ITunesDataSource.swift; sourceTree = "<group>"; };
/* End PBXFileReference section */

/* Begin PBXFrameworksBuildPhase section */
		AB5DB6831EC13CD400DCB44E /* Frameworks */ = {
			isa = PBXFrameworksBuildPhase;
			buildActionMask = 2147483647;
			files = (
			);
			runOnlyForDeploymentPostprocessing = 0;
		};
		AB5DB69A1EC13CD400DCB44E /* Frameworks */ = {
			isa = PBXFrameworksBuildPhase;
			buildActionMask = 2147483647;
			files = (
			);
			runOnlyForDeploymentPostprocessing = 0;
		};
/* End PBXFrameworksBuildPhase section */

/* Begin PBXGroup section */
		AB086DED1ECD16C6005A508F /* View Controllers */ = {
			isa = PBXGroup;
			children = (
				AB5DB68B1EC13CD400DCB44E /* SongListViewController.swift */,
				AB086DEE1ECD16E1005A508F /* WarblerViewController.swift */,
			);
			name = "View Controllers";
			sourceTree = "<group>";
		};
		AB086DF21ECD20DD005A508F /* Model */ = {
			isa = PBXGroup;
			children = (
				AB5DB6C91EC793BC00DCB44E /* ITunesDataSource.swift */,
				AB5DB6BC1EC13E2900DCB44E /* URL+Search.swift */,
				AB5DB6C81EC7933700DCB44E /* Operations */,
				AB086DF61ECD21F0005A508F /* DataDownloader.swift */,
			);
			name = Model;
			sourceTree = "<group>";
		};
		AB086DF31ECD2100005A508F /* View */ = {
			isa = PBXGroup;
			children = (
				AB5DB68D1EC13CD400DCB44E /* Main.storyboard */,
				AB5DB6931EC13CD400DCB44E /* Assets.xcassets */,
				AB5DB6951EC13CD400DCB44E /* LaunchScreen.storyboard */,
			);
			name = View;
			sourceTree = "<group>";
		};
		AB086DFC1ECDFB1A005A508F /* View Controllers */ = {
			isa = PBXGroup;
			children = (
				AB086DF01ECD1CAD005A508F /* SongListViewControllerTestCase.swift */,
			);
			name = "View Controllers";
			sourceTree = "<group>";
		};
		AB086DFD1ECDFB2D005A508F /* Model */ = {
			isa = PBXGroup;
			children = (
				AB5DB6BA1EC13DC100DCB44E /* URLSearchTestCase.swift */,
				AB5DB6BE1EC1538E00DCB44E /* SongParsingOperationTestCase.swift */,
				AB5DB6C41EC3EE2700DCB44E /* JsonParsingOperationTestCase.swift */,
				AB086DF81ECD23E0005A508F /* SongBySearchTermOperationTestCase.swift */,
				AB086DFA1ECDDD5F005A508F /* ProductionITunesDataSourceTestCase.swift */,
			);
			name = Model;
			sourceTree = "<group>";
		};
		AB5DB67D1EC13CD400DCB44E = {
			isa = PBXGroup;
			children = (
				AB5DB6881EC13CD400DCB44E /* Warbler */,
				AB5DB6A01EC13CD400DCB44E /* WarblerTests */,
				AB5DB6871EC13CD400DCB44E /* Products */,
			);
			sourceTree = "<group>";
		};
		AB5DB6871EC13CD400DCB44E /* Products */ = {
			isa = PBXGroup;
			children = (
				AB5DB6861EC13CD400DCB44E /* Warbler.app */,
				AB5DB69D1EC13CD400DCB44E /* WarblerTests.xctest */,
			);
			name = Products;
			sourceTree = "<group>";
		};
		AB5DB6881EC13CD400DCB44E /* Warbler */ = {
			isa = PBXGroup;
			children = (
				AB086DF31ECD2100005A508F /* View */,
				AB086DED1ECD16C6005A508F /* View Controllers */,
				AB086DF21ECD20DD005A508F /* Model */,
				AB5DB6891EC13CD400DCB44E /* AppDelegate.swift */,
				AB5DB6981EC13CD400DCB44E /* Info.plist */,
			);
			path = Warbler;
			sourceTree = "<group>";
		};
		AB5DB6A01EC13CD400DCB44E /* WarblerTests */ = {
			isa = PBXGroup;
			children = (
				AB086DFC1ECDFB1A005A508F /* View Controllers */,
				AB086DFD1ECDFB2D005A508F /* Model */,
				AB5DB6A31EC13CD400DCB44E /* Info.plist */,
			);
			path = WarblerTests;
			sourceTree = "<group>";
		};
		AB5DB6C81EC7933700DCB44E /* Operations */ = {
			isa = PBXGroup;
			children = (
				AB5DB6C01EC155B100DCB44E /* SongParsingOperation.swift */,
				AB5DB6C21EC2A90400DCB44E /* JsonParsingOperation.swift */,
				AB5DB6C61EC3F66E00DCB44E /* SongBySearchTermOperation.swift */,
			);
			name = Operations;
			sourceTree = "<group>";
		};
/* End PBXGroup section */

/* Begin PBXNativeTarget section */
		AB5DB6851EC13CD400DCB44E /* Warbler */ = {
			isa = PBXNativeTarget;
			buildConfigurationList = AB5DB6B11EC13CD400DCB44E /* Build configuration list for PBXNativeTarget "Warbler" */;
			buildPhases = (
				AB5DB6821EC13CD400DCB44E /* Sources */,
				AB5DB6831EC13CD400DCB44E /* Frameworks */,
				AB5DB6841EC13CD400DCB44E /* Resources */,
			);
			buildRules = (
			);
			dependencies = (
			);
			name = Warbler;
			productName = Warbler;
			productReference = AB5DB6861EC13CD400DCB44E /* Warbler.app */;
			productType = "com.apple.product-type.application";
		};
		AB5DB69C1EC13CD400DCB44E /* WarblerTests */ = {
			isa = PBXNativeTarget;
			buildConfigurationList = AB5DB6B41EC13CD400DCB44E /* Build configuration list for PBXNativeTarget "WarblerTests" */;
			buildPhases = (
				AB5DB6991EC13CD400DCB44E /* Sources */,
				AB5DB69A1EC13CD400DCB44E /* Frameworks */,
				AB5DB69B1EC13CD400DCB44E /* Resources */,
			);
			buildRules = (
			);
			dependencies = (
				AB5DB69F1EC13CD400DCB44E /* PBXTargetDependency */,
			);
			name = WarblerTests;
			productName = WarblerTests;
			productReference = AB5DB69D1EC13CD400DCB44E /* WarblerTests.xctest */;
			productType = "com.apple.product-type.bundle.unit-test";
		};
/* End PBXNativeTarget section */

/* Begin PBXProject section */
		AB5DB67E1EC13CD400DCB44E /* Project object */ = {
			isa = PBXProject;
			attributes = {
				LastSwiftUpdateCheck = 0830;
				LastUpgradeCheck = 0830;
				ORGANIZATIONNAME = "Jonathan Arbogast";
				TargetAttributes = {
					AB5DB6851EC13CD400DCB44E = {
						CreatedOnToolsVersion = 8.3.2;
						DevelopmentTeam = 4J237JQ3KN;
						ProvisioningStyle = Automatic;
					};
					AB5DB69C1EC13CD400DCB44E = {
						CreatedOnToolsVersion = 8.3.2;
						DevelopmentTeam = 4J237JQ3KN;
						LastSwiftMigration = 0830;
						ProvisioningStyle = Automatic;
						TestTargetID = AB5DB6851EC13CD400DCB44E;
					};
				};
			};
			buildConfigurationList = AB5DB6811EC13CD400DCB44E /* Build configuration list for PBXProject "Warbler" */;
			compatibilityVersion = "Xcode 3.2";
			developmentRegion = English;
			hasScannedForEncodings = 0;
			knownRegions = (
				en,
				Base,
			);
			mainGroup = AB5DB67D1EC13CD400DCB44E;
			productRefGroup = AB5DB6871EC13CD400DCB44E /* Products */;
			projectDirPath = "";
			projectRoot = "";
			targets = (
				AB5DB6851EC13CD400DCB44E /* Warbler */,
				AB5DB69C1EC13CD400DCB44E /* WarblerTests */,
			);
		};
/* End PBXProject section */

/* Begin PBXResourcesBuildPhase section */
		AB5DB6841EC13CD400DCB44E /* Resources */ = {
			isa = PBXResourcesBuildPhase;
			buildActionMask = 2147483647;
			files = (
				AB5DB6971EC13CD400DCB44E /* LaunchScreen.storyboard in Resources */,
				AB5DB6941EC13CD400DCB44E /* Assets.xcassets in Resources */,
				AB5DB68F1EC13CD400DCB44E /* Main.storyboard in Resources */,
			);
			runOnlyForDeploymentPostprocessing = 0;
		};
		AB5DB69B1EC13CD400DCB44E /* Resources */ = {
			isa = PBXResourcesBuildPhase;
			buildActionMask = 2147483647;
			files = (
			);
			runOnlyForDeploymentPostprocessing = 0;
		};
/* End PBXResourcesBuildPhase section */

/* Begin PBXSourcesBuildPhase section */
		AB5DB6821EC13CD400DCB44E /* Sources */ = {
			isa = PBXSourcesBuildPhase;
			buildActionMask = 2147483647;
			files = (
				AB5DB6C31EC2A90400DCB44E /* JsonParsingOperation.swift in Sources */,
				AB5DB68C1EC13CD400DCB44E /* SongListViewController.swift in Sources */,
				AB5DB68A1EC13CD400DCB44E /* AppDelegate.swift in Sources */,
				AB5DB6CA1EC793BC00DCB44E /* ITunesDataSource.swift in Sources */,
				AB086DEF1ECD16E1005A508F /* WarblerViewController.swift in Sources */,
				AB5DB6C71EC3F66E00DCB44E /* SongBySearchTermOperation.swift in Sources */,
				AB5DB6BD1EC13E2900DCB44E /* URL+Search.swift in Sources */,
				AB086DF71ECD21F0005A508F /* DataDownloader.swift in Sources */,
				AB5DB6C11EC155B100DCB44E /* SongParsingOperation.swift in Sources */,
			);
			runOnlyForDeploymentPostprocessing = 0;
		};
		AB5DB6991EC13CD400DCB44E /* Sources */ = {
			isa = PBXSourcesBuildPhase;
			buildActionMask = 2147483647;
			files = (
				AB5DB6C51EC3EE2700DCB44E /* JsonParsingOperationTestCase.swift in Sources */,
				AB086DF91ECD23E0005A508F /* SongBySearchTermOperationTestCase.swift in Sources */,
				AB086DF11ECD1CAD005A508F /* SongListViewControllerTestCase.swift in Sources */,
				AB5DB6BB1EC13DC100DCB44E /* URLSearchTestCase.swift in Sources */,
				AB5DB6BF1EC1538E00DCB44E /* SongParsingOperationTestCase.swift in Sources */,
				AB086DFB1ECDDD5F005A508F /* ProductionITunesDataSourceTestCase.swift in Sources */,
			);
			runOnlyForDeploymentPostprocessing = 0;
		};
/* End PBXSourcesBuildPhase section */

/* Begin PBXTargetDependency section */
		AB5DB69F1EC13CD400DCB44E /* PBXTargetDependency */ = {
			isa = PBXTargetDependency;
			target = AB5DB6851EC13CD400DCB44E /* Warbler */;
			targetProxy = AB5DB69E1EC13CD400DCB44E /* PBXContainerItemProxy */;
		};
/* End PBXTargetDependency section */

/* Begin PBXVariantGroup section */
		AB5DB68D1EC13CD400DCB44E /* Main.storyboard */ = {
			isa = PBXVariantGroup;
			children = (
				AB5DB68E1EC13CD400DCB44E /* Base */,
			);
			name = Main.storyboard;
			sourceTree = "<group>";
		};
		AB5DB6951EC13CD400DCB44E /* LaunchScreen.storyboard */ = {
			isa = PBXVariantGroup;
			children = (
				AB5DB6961EC13CD400DCB44E /* Base */,
			);
			name = LaunchScreen.storyboard;
			sourceTree = "<group>";
		};
/* End PBXVariantGroup section */

/* Begin XCBuildConfiguration section */
		AB5DB6AF1EC13CD400DCB44E /* Debug */ = {
			isa = XCBuildConfiguration;
			buildSettings = {
				ALWAYS_SEARCH_USER_PATHS = NO;
				CLANG_ANALYZER_NONNULL = YES;
				CLANG_ANALYZER_NUMBER_OBJECT_CONVERSION = YES_AGGRESSIVE;
				CLANG_CXX_LANGUAGE_STANDARD = "gnu++0x";
				CLANG_CXX_LIBRARY = "libc++";
				CLANG_ENABLE_MODULES = YES;
				CLANG_ENABLE_OBJC_ARC = YES;
				CLANG_WARN_BOOL_CONVERSION = YES;
				CLANG_WARN_CONSTANT_CONVERSION = YES;
				CLANG_WARN_DIRECT_OBJC_ISA_USAGE = YES_ERROR;
				CLANG_WARN_DOCUMENTATION_COMMENTS = YES;
				CLANG_WARN_EMPTY_BODY = YES;
				CLANG_WARN_ENUM_CONVERSION = YES;
				CLANG_WARN_INFINITE_RECURSION = YES;
				CLANG_WARN_INT_CONVERSION = YES;
				CLANG_WARN_OBJC_ROOT_CLASS = YES_ERROR;
				CLANG_WARN_SUSPICIOUS_MOVE = YES;
				CLANG_WARN_UNREACHABLE_CODE = YES;
				CLANG_WARN__DUPLICATE_METHOD_MATCH = YES;
				"CODE_SIGN_IDENTITY[sdk=iphoneos*]" = "iPhone Developer";
				COPY_PHASE_STRIP = NO;
				DEBUG_INFORMATION_FORMAT = dwarf;
				ENABLE_STRICT_OBJC_MSGSEND = YES;
				ENABLE_TESTABILITY = YES;
				GCC_C_LANGUAGE_STANDARD = gnu99;
				GCC_DYNAMIC_NO_PIC = NO;
				GCC_NO_COMMON_BLOCKS = YES;
				GCC_OPTIMIZATION_LEVEL = 0;
				GCC_PREPROCESSOR_DEFINITIONS = (
					"DEBUG=1",
					"$(inherited)",
				);
				GCC_WARN_64_TO_32_BIT_CONVERSION = YES;
				GCC_WARN_ABOUT_RETURN_TYPE = YES_ERROR;
				GCC_WARN_UNDECLARED_SELECTOR = YES;
				GCC_WARN_UNINITIALIZED_AUTOS = YES_AGGRESSIVE;
				GCC_WARN_UNUSED_FUNCTION = YES;
				GCC_WARN_UNUSED_VARIABLE = YES;
				IPHONEOS_DEPLOYMENT_TARGET = 10.3;
				MTL_ENABLE_DEBUG_INFO = YES;
				ONLY_ACTIVE_ARCH = YES;
				SDKROOT = iphoneos;
				SWIFT_ACTIVE_COMPILATION_CONDITIONS = DEBUG;
				SWIFT_OPTIMIZATION_LEVEL = "-Onone";
				TARGETED_DEVICE_FAMILY = "1,2";
			};
			name = Debug;
		};
		AB5DB6B01EC13CD400DCB44E /* Release */ = {
			isa = XCBuildConfiguration;
			buildSettings = {
				ALWAYS_SEARCH_USER_PATHS = NO;
				CLANG_ANALYZER_NONNULL = YES;
				CLANG_ANALYZER_NUMBER_OBJECT_CONVERSION = YES_AGGRESSIVE;
				CLANG_CXX_LANGUAGE_STANDARD = "gnu++0x";
				CLANG_CXX_LIBRARY = "libc++";
				CLANG_ENABLE_MODULES = YES;
				CLANG_ENABLE_OBJC_ARC = YES;
				CLANG_WARN_BOOL_CONVERSION = YES;
				CLANG_WARN_CONSTANT_CONVERSION = YES;
				CLANG_WARN_DIRECT_OBJC_ISA_USAGE = YES_ERROR;
				CLANG_WARN_DOCUMENTATION_COMMENTS = YES;
				CLANG_WARN_EMPTY_BODY = YES;
				CLANG_WARN_ENUM_CONVERSION = YES;
				CLANG_WARN_INFINITE_RECURSION = YES;
				CLANG_WARN_INT_CONVERSION = YES;
				CLANG_WARN_OBJC_ROOT_CLASS = YES_ERROR;
				CLANG_WARN_SUSPICIOUS_MOVE = YES;
				CLANG_WARN_UNREACHABLE_CODE = YES;
				CLANG_WARN__DUPLICATE_METHOD_MATCH = YES;
				"CODE_SIGN_IDENTITY[sdk=iphoneos*]" = "iPhone Developer";
				COPY_PHASE_STRIP = NO;
				DEBUG_INFORMATION_FORMAT = "dwarf-with-dsym";
				ENABLE_NS_ASSERTIONS = NO;
				ENABLE_STRICT_OBJC_MSGSEND = YES;
				GCC_C_LANGUAGE_STANDARD = gnu99;
				GCC_NO_COMMON_BLOCKS = YES;
				GCC_WARN_64_TO_32_BIT_CONVERSION = YES;
				GCC_WARN_ABOUT_RETURN_TYPE = YES_ERROR;
				GCC_WARN_UNDECLARED_SELECTOR = YES;
				GCC_WARN_UNINITIALIZED_AUTOS = YES_AGGRESSIVE;
				GCC_WARN_UNUSED_FUNCTION = YES;
				GCC_WARN_UNUSED_VARIABLE = YES;
				IPHONEOS_DEPLOYMENT_TARGET = 10.3;
				MTL_ENABLE_DEBUG_INFO = NO;
				SDKROOT = iphoneos;
				SWIFT_OPTIMIZATION_LEVEL = "-Owholemodule";
				TARGETED_DEVICE_FAMILY = "1,2";
				VALIDATE_PRODUCT = YES;
			};
			name = Release;
		};
		AB5DB6B21EC13CD400DCB44E /* Debug */ = {
			isa = XCBuildConfiguration;
			buildSettings = {
				ASSETCATALOG_COMPILER_APPICON_NAME = AppIcon;
				DEVELOPMENT_TEAM = 4J237JQ3KN;
				INFOPLIST_FILE = Warbler/Info.plist;
				LD_RUNPATH_SEARCH_PATHS = "$(inherited) @executable_path/Frameworks";
				PRODUCT_BUNDLE_IDENTIFIER = com.anothercupofcocoa.Warbler;
				PRODUCT_NAME = "$(TARGET_NAME)";
				SWIFT_VERSION = 3.0;
			};
			name = Debug;
		};
		AB5DB6B31EC13CD400DCB44E /* Release */ = {
			isa = XCBuildConfiguration;
			buildSettings = {
				ASSETCATALOG_COMPILER_APPICON_NAME = AppIcon;
				DEVELOPMENT_TEAM = 4J237JQ3KN;
				INFOPLIST_FILE = Warbler/Info.plist;
				LD_RUNPATH_SEARCH_PATHS = "$(inherited) @executable_path/Frameworks";
				PRODUCT_BUNDLE_IDENTIFIER = com.anothercupofcocoa.Warbler;
				PRODUCT_NAME = "$(TARGET_NAME)";
				SWIFT_VERSION = 3.0;
			};
			name = Release;
		};
		AB5DB6B51EC13CD400DCB44E /* Debug */ = {
			isa = XCBuildConfiguration;
			buildSettings = {
				ALWAYS_EMBED_SWIFT_STANDARD_LIBRARIES = YES;
				BUNDLE_LOADER = "$(TEST_HOST)";
				CLANG_ENABLE_MODULES = YES;
				DEVELOPMENT_TEAM = 4J237JQ3KN;
				INFOPLIST_FILE = WarblerTests/Info.plist;
				LD_RUNPATH_SEARCH_PATHS = "$(inherited) @executable_path/Frameworks @loader_path/Frameworks";
				PRODUCT_BUNDLE_IDENTIFIER = com.anothercupofcocoa.WarblerTests;
				PRODUCT_NAME = "$(TARGET_NAME)";
				SWIFT_OPTIMIZATION_LEVEL = "-Onone";
				SWIFT_VERSION = 3.0;
				TEST_HOST = "$(BUILT_PRODUCTS_DIR)/Warbler.app/Warbler";
			};
			name = Debug;
		};
		AB5DB6B61EC13CD400DCB44E /* Release */ = {
			isa = XCBuildConfiguration;
			buildSettings = {
				ALWAYS_EMBED_SWIFT_STANDARD_LIBRARIES = YES;
				BUNDLE_LOADER = "$(TEST_HOST)";
				CLANG_ENABLE_MODULES = YES;
				DEVELOPMENT_TEAM = 4J237JQ3KN;
				INFOPLIST_FILE = WarblerTests/Info.plist;
				LD_RUNPATH_SEARCH_PATHS = "$(inherited) @executable_path/Frameworks @loader_path/Frameworks";
				PRODUCT_BUNDLE_IDENTIFIER = com.anothercupofcocoa.WarblerTests;
				PRODUCT_NAME = "$(TARGET_NAME)";
				SWIFT_VERSION = 3.0;
				TEST_HOST = "$(BUILT_PRODUCTS_DIR)/Warbler.app/Warbler";
			};
			name = Release;
		};
/* End XCBuildConfiguration section */

/* Begin XCConfigurationList section */
		AB5DB6811EC13CD400DCB44E /* Build configuration list for PBXProject "Warbler" */ = {
			isa = XCConfigurationList;
			buildConfigurations = (
				AB5DB6AF1EC13CD400DCB44E /* Debug */,
				AB5DB6B01EC13CD400DCB44E /* Release */,
			);
			defaultConfigurationIsVisible = 0;
			defaultConfigurationName = Release;
		};
		AB5DB6B11EC13CD400DCB44E /* Build configuration list for PBXNativeTarget "Warbler" */ = {
			isa = XCConfigurationList;
			buildConfigurations = (
				AB5DB6B21EC13CD400DCB44E /* Debug */,
				AB5DB6B31EC13CD400DCB44E /* Release */,
			);
			defaultConfigurationIsVisible = 0;
			defaultConfigurationName = Release;
		};
		AB5DB6B41EC13CD400DCB44E /* Build configuration list for PBXNativeTarget "WarblerTests" */ = {
			isa = XCConfigurationList;
			buildConfigurations = (
				AB5DB6B51EC13CD400DCB44E /* Debug */,
				AB5DB6B61EC13CD400DCB44E /* Release */,
			);
			defaultConfigurationIsVisible = 0;
			defaultConfigurationName = Release;
		};
/* End XCConfigurationList section */
	};
	rootObject = AB5DB67E1EC13CD400DCB44E /* Project object */;
}
